dependencies:
  espressif/esp_websocket_client:
    component_hash: 3f3b04c060ca52c8a06b96b39f22f50086f2bb41d9e9a2411e809cf6b7edfa60
    source:
      service_url: https://api.components.espressif.com/
      type: service
    version: 1.1.0
  idf:
    component_hash: null
    source:
      type: idf
    version: 5.1.1
manifest_hash: 8309b8a619ffb8857cc97eea6cd5bf02fef1bb97ddb17439f2a13f36cfc8a69f
target: esp32
version: 1.0.0
